// !$*UTF8*$!
{
	archiveVersion = 1;
	classes = {
	};
	objectVersion = 48;
	objects = {

/* Begin PBXBuildFile section */
		741D3D892058D0790030EFD3 /* SettingsLauncher.swift in Sources */ = {isa = PBXBuildFile; fileRef = 741D3D882058D0790030EFD3 /* SettingsLauncher.swift */; };
		742BBC6B2060B411000C6D43 /* FeedCell.swift in Sources */ = {isa = PBXBuildFile; fileRef = 742BBC6A2060B411000C6D43 /* FeedCell.swift */; };
		742BDC48205A862800B3642F /* ApiService.swift in Sources */ = {isa = PBXBuildFile; fileRef = 742BDC47205A862800B3642F /* ApiService.swift */; };
		743588E220523B1B00D6D0B2 /* Video.swift in Sources */ = {isa = PBXBuildFile; fileRef = 743588E120523B1B00D6D0B2 /* Video.swift */; };
		746D4C6F204F5BD500564389 /* AppDelegate.swift in Sources */ = {isa = PBXBuildFile; fileRef = 746D4C6E204F5BD500564389 /* AppDelegate.swift */; };
		746D4C71204F5BD500564389 /* HomeController.swift in Sources */ = {isa = PBXBuildFile; fileRef = 746D4C70204F5BD500564389 /* HomeController.swift */; };
		746D4C74204F5BD500564389 /* Main.storyboard in Resources */ = {isa = PBXBuildFile; fileRef = 746D4C72204F5BD500564389 /* Main.storyboard */; };
		746D4C76204F5BD500564389 /* Assets.xcassets in Resources */ = {isa = PBXBuildFile; fileRef = 746D4C75204F5BD500564389 /* Assets.xcassets */; };
		746D4C79204F5BD500564389 /* LaunchScreen.storyboard in Resources */ = {isa = PBXBuildFile; fileRef = 746D4C77204F5BD500564389 /* LaunchScreen.storyboard */; };
		746D4C82204FEE8D00564389 /* Extensions.swift in Sources */ = {isa = PBXBuildFile; fileRef = 746D4C81204FEE8D00564389 /* Extensions.swift */; };
		746D4C85204FEF0C00564389 /* VideoCell.swift in Sources */ = {isa = PBXBuildFile; fileRef = 746D4C84204FEF0C00564389 /* VideoCell.swift */; };
		746D4C88205120DF00564389 /* MenuBar.swift in Sources */ = {isa = PBXBuildFile; fileRef = 746D4C87205120DE00564389 /* MenuBar.swift */; };
		749004AB2058F4C00006F62A /* SettingCell.swift in Sources */ = {isa = PBXBuildFile; fileRef = 749004AA2058F4C00006F62A /* SettingCell.swift */; };
/* End PBXBuildFile section */

/* Begin PBXFileReference section */
		741D3D882058D0790030EFD3 /* SettingsLauncher.swift */ = {isa = PBXFileReference; lastKnownFileType = sourcecode.swift; path = SettingsLauncher.swift; sourceTree = "<group>"; };
		742BBC6A2060B411000C6D43 /* FeedCell.swift */ = {isa = PBXFileReference; lastKnownFileType = sourcecode.swift; path = FeedCell.swift; sourceTree = "<group>"; };
		742BDC47205A862800B3642F /* ApiService.swift */ = {isa = PBXFileReference; lastKnownFileType = sourcecode.swift; path = ApiService.swift; sourceTree = "<group>"; };
		743588E120523B1B00D6D0B2 /* Video.swift */ = {isa = PBXFileReference; lastKnownFileType = sourcecode.swift; path = Video.swift; sourceTree = "<group>"; };
		746D4C6B204F5BD500564389 /* youtube.app */ = {isa = PBXFileReference; explicitFileType = wrapper.application; includeInIndex = 0; path = youtube.app; sourceTree = BUILT_PRODUCTS_DIR; };
		746D4C6E204F5BD500564389 /* AppDelegate.swift */ = {isa = PBXFileReference; lastKnownFileType = sourcecode.swift; path = AppDelegate.swift; sourceTree = "<group>"; };
		746D4C70204F5BD500564389 /* HomeController.swift */ = {isa = PBXFileReference; lastKnownFileType = sourcecode.swift; path = HomeController.swift; sourceTree = "<group>"; };
		746D4C73204F5BD500564389 /* Base */ = {isa = PBXFileReference; lastKnownFileType = file.storyboard; name = Base; path = Base.lproj/Main.storyboard; sourceTree = "<group>"; };
		746D4C75204F5BD500564389 /* Assets.xcassets */ = {isa = PBXFileReference; lastKnownFileType = folder.assetcatalog; path = Assets.xcassets; sourceTree = "<group>"; };
		746D4C78204F5BD500564389 /* Base */ = {isa = PBXFileReference; lastKnownFileType = file.storyboard; name = Base; path = Base.lproj/LaunchScreen.storyboard; sourceTree = "<group>"; };
		746D4C7A204F5BD500564389 /* Info.plist */ = {isa = PBXFileReference; lastKnownFileType = text.plist.xml; path = Info.plist; sourceTree = "<group>"; };
		746D4C81204FEE8D00564389 /* Extensions.swift */ = {isa = PBXFileReference; lastKnownFileType = sourcecode.swift; path = Extensions.swift; sourceTree = "<group>"; };
		746D4C84204FEF0C00564389 /* VideoCell.swift */ = {isa = PBXFileReference; lastKnownFileType = sourcecode.swift; path = VideoCell.swift; sourceTree = "<group>"; };
		746D4C87205120DE00564389 /* MenuBar.swift */ = {isa = PBXFileReference; lastKnownFileType = sourcecode.swift; path = MenuBar.swift; sourceTree = "<group>"; };
		749004AA2058F4C00006F62A /* SettingCell.swift */ = {isa = PBXFileReference; lastKnownFileType = sourcecode.swift; path = SettingCell.swift; sourceTree = "<group>"; };
/* End PBXFileReference section */

/* Begin PBXFrameworksBuildPhase section */
		746D4C68204F5BD500564389 /* Frameworks */ = {
			isa = PBXFrameworksBuildPhase;
			buildActionMask = 2147483647;
			files = (
			);
			runOnlyForDeploymentPostprocessing = 0;
		};
/* End PBXFrameworksBuildPhase section */

/* Begin PBXGroup section */
		742BDC46205A85F900B3642F /* ApiService */ = {
			isa = PBXGroup;
			children = (
				742BDC47205A862800B3642F /* ApiService.swift */,
			);
			path = ApiService;
			sourceTree = "<group>";
		};
		743588E020523AF000D6D0B2 /* Model */ = {
			isa = PBXGroup;
			children = (
				743588E120523B1B00D6D0B2 /* Video.swift */,
			);
			path = Model;
			sourceTree = "<group>";
		};
		746D4C62204F5BD500564389 = {
			isa = PBXGroup;
			children = (
				746D4C6D204F5BD500564389 /* youtube */,
				746D4C6C204F5BD500564389 /* Products */,
			);
			sourceTree = "<group>";
		};
		746D4C6C204F5BD500564389 /* Products */ = {
			isa = PBXGroup;
			children = (
				746D4C6B204F5BD500564389 /* youtube.app */,
			);
			name = Products;
			sourceTree = "<group>";
		};
		746D4C6D204F5BD500564389 /* youtube */ = {
			isa = PBXGroup;
			children = (
				742BDC46205A85F900B3642F /* ApiService */,
				743588E020523AF000D6D0B2 /* Model */,
				746D4C83204FEEE600564389 /* View */,
				746D4C86204FEF6A00564389 /* Controller */,
				746D4C80204FEE6F00564389 /* Helps */,
				746D4C6E204F5BD500564389 /* AppDelegate.swift */,
				746D4C72204F5BD500564389 /* Main.storyboard */,
				746D4C75204F5BD500564389 /* Assets.xcassets */,
				746D4C77204F5BD500564389 /* LaunchScreen.storyboard */,
				746D4C7A204F5BD500564389 /* Info.plist */,
			);
			path = youtube;
			sourceTree = "<group>";
		};
		746D4C80204FEE6F00564389 /* Helps */ = {
			isa = PBXGroup;
			children = (
				746D4C81204FEE8D00564389 /* Extensions.swift */,
			);
			path = Helps;
			sourceTree = "<group>";
		};
		746D4C83204FEEE600564389 /* View */ = {
			isa = PBXGroup;
			children = (
				746D4C84204FEF0C00564389 /* VideoCell.swift */,
				746D4C87205120DE00564389 /* MenuBar.swift */,
				749004AA2058F4C00006F62A /* SettingCell.swift */,
				742BBC6A2060B411000C6D43 /* FeedCell.swift */,
			);
			path = View;
			sourceTree = "<group>";
		};
		746D4C86204FEF6A00564389 /* Controller */ = {
			isa = PBXGroup;
			children = (
				746D4C70204F5BD500564389 /* HomeController.swift */,
				741D3D882058D0790030EFD3 /* SettingsLauncher.swift */,
			);
			path = Controller;
			sourceTree = "<group>";
		};
/* End PBXGroup section */

/* Begin PBXNativeTarget section */
		746D4C6A204F5BD500564389 /* youtube */ = {
			isa = PBXNativeTarget;
			buildConfigurationList = 746D4C7D204F5BD500564389 /* Build configuration list for PBXNativeTarget "youtube" */;
			buildPhases = (
				746D4C67204F5BD500564389 /* Sources */,
				746D4C68204F5BD500564389 /* Frameworks */,
				746D4C69204F5BD500564389 /* Resources */,
			);
			buildRules = (
			);
			dependencies = (
			);
			name = youtube;
			productName = youtube;
			productReference = 746D4C6B204F5BD500564389 /* youtube.app */;
			productType = "com.apple.product-type.application";
		};
/* End PBXNativeTarget section */

/* Begin PBXProject section */
		746D4C63204F5BD500564389 /* Project object */ = {
			isa = PBXProject;
			attributes = {
				LastSwiftUpdateCheck = 0920;
				LastUpgradeCheck = 0920;
				ORGANIZATIONNAME = adamwang;
				TargetAttributes = {
					746D4C6A204F5BD500564389 = {
						CreatedOnToolsVersion = 9.2;
						ProvisioningStyle = Automatic;
					};
				};
			};
			buildConfigurationList = 746D4C66204F5BD500564389 /* Build configuration list for PBXProject "youtube" */;
			compatibilityVersion = "Xcode 8.0";
			developmentRegion = en;
			hasScannedForEncodings = 0;
			knownRegions = (
				en,
				Base,
			);
			mainGroup = 746D4C62204F5BD500564389;
			productRefGroup = 746D4C6C204F5BD500564389 /* Products */;
			projectDirPath = "";
			projectRoot = "";
			targets = (
				746D4C6A204F5BD500564389 /* youtube */,
			);
		};
/* End PBXProject section */

/* Begin PBXResourcesBuildPhase section */
		746D4C69204F5BD500564389 /* Resources */ = {
			isa = PBXResourcesBuildPhase;
			buildActionMask = 2147483647;
			files = (
				746D4C79204F5BD500564389 /* LaunchScreen.storyboard in Resources */,
				746D4C76204F5BD500564389 /* Assets.xcassets in Resources */,
				746D4C74204F5BD500564389 /* Main.storyboard in Resources */,
			);
			runOnlyForDeploymentPostprocessing = 0;
		};
/* End PBXResourcesBuildPhase section */

/* Begin PBXSourcesBuildPhase section */
		746D4C67204F5BD500564389 /* Sources */ = {
			isa = PBXSourcesBuildPhase;
			buildActionMask = 2147483647;
			files = (
				746D4C71204F5BD500564389 /* HomeController.swift in Sources */,
				742BBC6B2060B411000C6D43 /* FeedCell.swift in Sources */,
				743588E220523B1B00D6D0B2 /* Video.swift in Sources */,
				749004AB2058F4C00006F62A /* SettingCell.swift in Sources */,
				746D4C85204FEF0C00564389 /* VideoCell.swift in Sources */,
				741D3D892058D0790030EFD3 /* SettingsLauncher.swift in Sources */,
				742BDC48205A862800B3642F /* ApiService.swift in Sources */,
				746D4C82204FEE8D00564389 /* Extensions.swift in Sources */,
				746D4C6F204F5BD500564389 /* AppDelegate.swift in Sources */,
				746D4C88205120DF00564389 /* MenuBar.swift in Sources */,
			);
			runOnlyForDeploymentPostprocessing = 0;
		};
/* End PBXSourcesBuildPhase section */

/* Begin PBXVariantGroup section */
		746D4C72204F5BD500564389 /* Main.storyboard */ = {
			isa = PBXVariantGroup;
			children = (
				746D4C73204F5BD500564389 /* Base */,
			);
			name = Main.storyboard;
			sourceTree = "<group>";
		};
		746D4C77204F5BD500564389 /* LaunchScreen.storyboard */ = {
			isa = PBXVariantGroup;
			children = (
				746D4C78204F5BD500564389 /* Base */,
			);
			name = LaunchScreen.storyboard;
			sourceTree = "<group>";
		};
/* End PBXVariantGroup section */

/* Begin XCBuildConfiguration section */
		746D4C7B204F5BD500564389 /* Debug */ = {
			isa = XCBuildConfiguration;
			buildSettings = {
				ALWAYS_SEARCH_USER_PATHS = NO;
				CLANG_ANALYZER_NONNULL = YES;
				CLANG_ANALYZER_NUMBER_OBJECT_CONVERSION = YES_AGGRESSIVE;
				CLANG_CXX_LANGUAGE_STANDARD = "gnu++14";
				CLANG_CXX_LIBRARY = "libc++";
				CLANG_ENABLE_MODULES = YES;
				CLANG_ENABLE_OBJC_ARC = YES;
				CLANG_WARN_BLOCK_CAPTURE_AUTORELEASING = YES;
				CLANG_WARN_BOOL_CONVERSION = YES;
				CLANG_WARN_COMMA = YES;
				CLANG_WARN_CONSTANT_CONVERSION = YES;
				CLANG_WARN_DIRECT_OBJC_ISA_USAGE = YES_ERROR;
				CLANG_WARN_DOCUMENTATION_COMMENTS = YES;
				CLANG_WARN_EMPTY_BODY = YES;
				CLANG_WARN_ENUM_CONVERSION = YES;
				CLANG_WARN_INFINITE_RECURSION = YES;
				CLANG_WARN_INT_CONVERSION = YES;
				CLANG_WARN_NON_LITERAL_NULL_CONVERSION = YES;
				CLANG_WARN_OBJC_LITERAL_CONVERSION = YES;
				CLANG_WARN_OBJC_ROOT_CLASS = YES_ERROR;
				CLANG_WARN_RANGE_LOOP_ANALYSIS = YES;
				CLANG_WARN_STRICT_PROTOTYPES = YES;
				CLANG_WARN_SUSPICIOUS_MOVE = YES;
				CLANG_WARN_UNGUARDED_AVAILABILITY = YES_AGGRESSIVE;
				CLANG_WARN_UNREACHABLE_CODE = YES;
				CLANG_WARN__DUPLICATE_METHOD_MATCH = YES;
				CODE_SIGN_IDENTITY = "iPhone Developer";
				COPY_PHASE_STRIP = NO;
				DEBUG_INFORMATION_FORMAT = dwarf;
				ENABLE_STRICT_OBJC_MSGSEND = YES;
				ENABLE_TESTABILITY = YES;
				GCC_C_LANGUAGE_STANDARD = gnu11;
				GCC_DYNAMIC_NO_PIC = NO;
				GCC_NO_COMMON_BLOCKS = YES;
				GCC_OPTIMIZATION_LEVEL = 0;
				GCC_PREPROCESSOR_DEFINITIONS = (
					"DEBUG=1",
					"$(inherited)",
				);
				GCC_WARN_64_TO_32_BIT_CONVERSION = YES;
				GCC_WARN_ABOUT_RETURN_TYPE = YES_ERROR;
				GCC_WARN_UNDECLARED_SELECTOR = YES;
				GCC_WARN_UNINITIALIZED_AUTOS = YES_AGGRESSIVE;
				GCC_WARN_UNUSED_FUNCTION = YES;
				GCC_WARN_UNUSED_VARIABLE = YES;
				IPHONEOS_DEPLOYMENT_TARGET = 11.2;
				MTL_ENABLE_DEBUG_INFO = YES;
				ONLY_ACTIVE_ARCH = YES;
				SDKROOT = iphoneos;
				SWIFT_ACTIVE_COMPILATION_CONDITIONS = DEBUG;
				SWIFT_OPTIMIZATION_LEVEL = "-Onone";
			};
			name = Debug;
		};
		746D4C7C204F5BD500564389 /* Release */ = {
			isa = XCBuildConfiguration;
			buildSettings = {
				ALWAYS_SEARCH_USER_PATHS = NO;
				CLANG_ANALYZER_NONNULL = YES;
				CLANG_ANALYZER_NUMBER_OBJECT_CONVERSION = YES_AGGRESSIVE;
				CLANG_CXX_LANGUAGE_STANDARD = "gnu++14";
				CLANG_CXX_LIBRARY = "libc++";
				CLANG_ENABLE_MODULES = YES;
				CLANG_ENABLE_OBJC_ARC = YES;
				CLANG_WARN_BLOCK_CAPTURE_AUTORELEASING = YES;
				CLANG_WARN_BOOL_CONVERSION = YES;
				CLANG_WARN_COMMA = YES;
				CLANG_WARN_CONSTANT_CONVERSION = YES;
				CLANG_WARN_DIRECT_OBJC_ISA_USAGE = YES_ERROR;
				CLANG_WARN_DOCUMENTATION_COMMENTS = YES;
				CLANG_WARN_EMPTY_BODY = YES;
				CLANG_WARN_ENUM_CONVERSION = YES;
				CLANG_WARN_INFINITE_RECURSION = YES;
				CLANG_WARN_INT_CONVERSION = YES;
				CLANG_WARN_NON_LITERAL_NULL_CONVERSION = YES;
				CLANG_WARN_OBJC_LITERAL_CONVERSION = YES;
				CLANG_WARN_OBJC_ROOT_CLASS = YES_ERROR;
				CLANG_WARN_RANGE_LOOP_ANALYSIS = YES;
				CLANG_WARN_STRICT_PROTOTYPES = YES;
				CLANG_WARN_SUSPICIOUS_MOVE = YES;
				CLANG_WARN_UNGUARDED_AVAILABILITY = YES_AGGRESSIVE;
				CLANG_WARN_UNREACHABLE_CODE = YES;
				CLANG_WARN__DUPLICATE_METHOD_MATCH = YES;
				CODE_SIGN_IDENTITY = "iPhone Developer";
				COPY_PHASE_STRIP = NO;
				DEBUG_INFORMATION_FORMAT = "dwarf-with-dsym";
				ENABLE_NS_ASSERTIONS = NO;
				ENABLE_STRICT_OBJC_MSGSEND = YES;
				GCC_C_LANGUAGE_STANDARD = gnu11;
				GCC_NO_COMMON_BLOCKS = YES;
				GCC_WARN_64_TO_32_BIT_CONVERSION = YES;
				GCC_WARN_ABOUT_RETURN_TYPE = YES_ERROR;
				GCC_WARN_UNDECLARED_SELECTOR = YES;
				GCC_WARN_UNINITIALIZED_AUTOS = YES_AGGRESSIVE;
				GCC_WARN_UNUSED_FUNCTION = YES;
				GCC_WARN_UNUSED_VARIABLE = YES;
				IPHONEOS_DEPLOYMENT_TARGET = 11.2;
				MTL_ENABLE_DEBUG_INFO = NO;
				SDKROOT = iphoneos;
				SWIFT_OPTIMIZATION_LEVEL = "-Owholemodule";
				VALIDATE_PRODUCT = YES;
			};
			name = Release;
		};
		746D4C7E204F5BD500564389 /* Debug */ = {
			isa = XCBuildConfiguration;
			buildSettings = {
				ASSETCATALOG_COMPILER_APPICON_NAME = AppIcon;
				CODE_SIGN_STYLE = Automatic;
				DEVELOPMENT_TEAM = 6X77L72T5T;
				INFOPLIST_FILE = youtube/Info.plist;
				LD_RUNPATH_SEARCH_PATHS = "$(inherited) @executable_path/Frameworks";
				PRODUCT_BUNDLE_IDENTIFIER = com.aw.youtube;
				PRODUCT_NAME = "$(TARGET_NAME)";
				SWIFT_VERSION = 4.0;
				TARGETED_DEVICE_FAMILY = "1,2";
			};
			name = Debug;
		};
		746D4C7F204F5BD500564389 /* Release */ = {
			isa = XCBuildConfiguration;
			buildSettings = {
				ASSETCATALOG_COMPILER_APPICON_NAME = AppIcon;
				CODE_SIGN_STYLE = Automatic;
				DEVELOPMENT_TEAM = 6X77L72T5T;
				INFOPLIST_FILE = youtube/Info.plist;
				LD_RUNPATH_SEARCH_PATHS = "$(inherited) @executable_path/Frameworks";
				PRODUCT_BUNDLE_IDENTIFIER = com.aw.youtube;
				PRODUCT_NAME = "$(TARGET_NAME)";
				SWIFT_VERSION = 4.0;
				TARGETED_DEVICE_FAMILY = "1,2";
			};
			name = Release;
		};
/* End XCBuildConfiguration section */

/* Begin XCConfigurationList section */
		746D4C66204F5BD500564389 /* Build configuration list for PBXProject "youtube" */ = {
			isa = XCConfigurationList;
			buildConfigurations = (
				746D4C7B204F5BD500564389 /* Debug */,
				746D4C7C204F5BD500564389 /* Release */,
			);
			defaultConfigurationIsVisible = 0;
			defaultConfigurationName = Release;
		};
		746D4C7D204F5BD500564389 /* Build configuration list for PBXNativeTarget "youtube" */ = {
			isa = XCConfigurationList;
			buildConfigurations = (
				746D4C7E204F5BD500564389 /* Debug */,
				746D4C7F204F5BD500564389 /* Release */,
			);
			defaultConfigurationIsVisible = 0;
			defaultConfigurationName = Release;
		};
/* End XCConfigurationList section */
	};
	rootObject = 746D4C63204F5BD500564389 /* Project object */;
}
